{
  "name": "testSite",
  "version": "1.0.0",
  "lockfileVersion": 3,
  "requires": true,
  "packages": {
    "": {
      "name": "testSite",
      "version": "1.0.0",
      "license": "ISC",
      "dependencies": {
        "scss-reset": "^1.2.2"
      }
    },
    "node_modules/scss-reset": {
      "version": "1.4.6",
      "resolved": "https://registry.npmjs.org/scss-reset/-/scss-reset-1.4.6.tgz",
      "integrity": "sha512-ioPmXUxVH0NFuNBPs88SolUkUuKYIIQ0CUGssx2yq8m4fuMxGLigjnpXa6JAC2j5w1p66JA33UDd+cKkFJp7yw==",
      "license": "MIT"
    }
  }
}
